# This file is automatically @generated by Cargo.
# It is not intended for manual editing.
version = 4

[[package]]
name = "bit_operations"
version = "0.2.0"
source = "registry+https://github.com/rust-lang/crates.io-index"
checksum = "8533bd09178c1cde29b8092b952d25f1846431c7a4dd9b4a8f07aca779339cbf"

[[package]]
name = "biter"
version = "0.1.2"
dependencies = [
 "bit_operations",
]
